
Microsoft Visual Studio Solution File, Format Version 12.00
# Visual Studio 15
VisualStudioVersion = 15.0.28307.902
MinimumVisualStudioVersion = 10.0.40219.1
Project("{FAE04EC0-301F-11D3-BF4B-00C04F79EFBC}") = "StationOffsetCalculatorLib", "StationOffsetCalculatorLib\StationOffsetCalculatorLib.csproj", "{0967C0E1-86D7-4120-BA4F-75D4725A7B42}"
EndProject
Global
	GlobalSection(SolutionConfigurationPlatforms) = preSolution
		Debug|Any CPU = Debug|Any CPU
		Release|Any CPU = Release|Any CPU
	EndGlobalSection
	GlobalSection(ProjectConfigurationPlatforms) = postSolution
		{0967C0E1-86D7-4120-BA4F-75D4725A7B42}.Debug|Any CPU.ActiveCfg = Debug|Any CPU
		{0967C0E1-86D7-4120-BA4F-75D4725A7B42}.Debug|Any CPU.Build.0 = Debug|Any CPU
		{0967C0E1-86D7-4120-BA4F-75D4725A7B42}.Release|Any CPU.ActiveCfg = Release|Any CPU
		{0967C0E1-86D7-4120-BA4F-75D4725A7B42}.Release|Any CPU.Build.0 = Release|Any CPU
	EndGlobalSection
	GlobalSection(SolutionProperties) = preSolution
		HideSolutionNode = FALSE
	EndGlobalSection
	GlobalSection(ExtensibilityGlobals) = postSolution
		SolutionGuid = {2B89BBD3-E659-472E-8439-B5FB6A4511F0}
	EndGlobalSection
EndGlobal
