
Microsoft Visual Studio Solution File, Format Version 12.00
# Visual Studio Version 16
VisualStudioVersion = 16.0.29905.134
MinimumVisualStudioVersion = 10.0.40219.1
Project("{FAE04EC0-301F-11D3-BF4B-00C04F79EFBC}") = "SatComSimulator", "SatComSimulator\SatComSimulator.csproj", "{EE84B2F7-2523-4BD7-92A5-838D674876EA}"
EndProject
Global
	GlobalSection(SolutionConfigurationPlatforms) = preSolution
		Debug|Any CPU = Debug|Any CPU
		Release|Any CPU = Release|Any CPU
	EndGlobalSection
	GlobalSection(ProjectConfigurationPlatforms) = postSolution
		{EE84B2F7-2523-4BD7-92A5-838D674876EA}.Debug|Any CPU.ActiveCfg = Debug|Any CPU
		{EE84B2F7-2523-4BD7-92A5-838D674876EA}.Debug|Any CPU.Build.0 = Debug|Any CPU
		{EE84B2F7-2523-4BD7-92A5-838D674876EA}.Release|Any CPU.ActiveCfg = Release|Any CPU
		{EE84B2F7-2523-4BD7-92A5-838D674876EA}.Release|Any CPU.Build.0 = Release|Any CPU
	EndGlobalSection
	GlobalSection(SolutionProperties) = preSolution
		HideSolutionNode = FALSE
	EndGlobalSection
	GlobalSection(ExtensibilityGlobals) = postSolution
		SolutionGuid = {22136147-11C3-4830-95DF-78395B4C47FD}
	EndGlobalSection
EndGlobal
